
Microsoft Visual Studio Solution File, Format Version 12.00
# Visual Studio 14
VisualStudioVersion = 14.0.25123.0
MinimumVisualStudioVersion = 10.0.40219.1
Project("{FAE04EC0-301F-11D3-BF4B-00C04F79EFBC}") = "NA.ParkingAdvice.MVP.WebApi", "NA.ParkingAdvice.MVP.WebApi\NA.ParkingAdvice.MVP.WebApi.csproj", "{D39FC19D-B1C7-4804-894F-82226F6FA950}"
EndProject
Project("{E24C65DC-7377-472B-9ABA-BC803B73C61A}") = "NA.ParkingAdvice.MVP.Front", "NA.ParkingAdvice.MVP.Front\", "{235071C6-AE47-4592-87CB-06DB2B3FE30C}"
	ProjectSection(WebsiteProperties) = preProject
		TargetFrameworkMoniker = ".NETFramework,Version%3Dv4.5.2"
		Debug.AspNetCompiler.VirtualPath = "/localhost_9418"
		Debug.AspNetCompiler.PhysicalPath = "NA.ParkingAdvice.MVP.Front\"
		Debug.AspNetCompiler.TargetPath = "PrecompiledWeb\localhost_9418\"
		Debug.AspNetCompiler.Updateable = "true"
		Debug.AspNetCompiler.ForceOverwrite = "true"
		Debug.AspNetCompiler.FixedNames = "false"
		Debug.AspNetCompiler.Debug = "True"
		Release.AspNetCompiler.VirtualPath = "/localhost_9418"
		Release.AspNetCompiler.PhysicalPath = "NA.ParkingAdvice.MVP.Front\"
		Release.AspNetCompiler.TargetPath = "PrecompiledWeb\localhost_9418\"
		Release.AspNetCompiler.Updateable = "true"
		Release.AspNetCompiler.ForceOverwrite = "true"
		Release.AspNetCompiler.FixedNames = "false"
		Release.AspNetCompiler.Debug = "False"
		VWDPort = "9418"
		SlnRelativePath = "NA.ParkingAdvice.MVP.Front\"
		DefaultWebSiteLanguage = "Visual C#"
	EndProjectSection
EndProject
Project("{E24C65DC-7377-472B-9ABA-BC803B73C61A}") = "NA.ParkingAdvice.MVP2.Front", "NA.ParkingAdvice.MVP2.Front\", "{ABD2367B-5F7A-4A6F-B741-89FE30C25DF6}"
	ProjectSection(WebsiteProperties) = preProject
		TargetFrameworkMoniker = ".NETFramework,Version%3Dv4.5.2"
		Debug.AspNetCompiler.VirtualPath = "/localhost_55883"
		Debug.AspNetCompiler.PhysicalPath = "NA.ParkingAdvice.MVP2.Front\"
		Debug.AspNetCompiler.TargetPath = "PrecompiledWeb\localhost_55883\"
		Debug.AspNetCompiler.Updateable = "true"
		Debug.AspNetCompiler.ForceOverwrite = "true"
		Debug.AspNetCompiler.FixedNames = "false"
		Debug.AspNetCompiler.Debug = "True"
		Release.AspNetCompiler.VirtualPath = "/localhost_55883"
		Release.AspNetCompiler.PhysicalPath = "NA.ParkingAdvice.MVP2.Front\"
		Release.AspNetCompiler.TargetPath = "PrecompiledWeb\localhost_55883\"
		Release.AspNetCompiler.Updateable = "true"
		Release.AspNetCompiler.ForceOverwrite = "true"
		Release.AspNetCompiler.FixedNames = "false"
		Release.AspNetCompiler.Debug = "False"
		VWDPort = "55883"
		SlnRelativePath = "NA.ParkingAdvice.MVP2.Front\"
		DefaultWebSiteLanguage = "Visual C#"
	EndProjectSection
EndProject
Project("{E24C65DC-7377-472B-9ABA-BC803B73C61A}") = "AngularJSCodeSchool", "AngularJSCodeSchool\", "{96FA88A1-697B-4AF9-BD45-22A31DFF73D2}"
	ProjectSection(WebsiteProperties) = preProject
		TargetFrameworkMoniker = ".NETFramework,Version%3Dv4.5.2"
		Debug.AspNetCompiler.VirtualPath = "/localhost_54932"
		Debug.AspNetCompiler.PhysicalPath = "AngularJSCodeSchool\"
		Debug.AspNetCompiler.TargetPath = "PrecompiledWeb\localhost_54932\"
		Debug.AspNetCompiler.Updateable = "true"
		Debug.AspNetCompiler.ForceOverwrite = "true"
		Debug.AspNetCompiler.FixedNames = "false"
		Debug.AspNetCompiler.Debug = "True"
		Release.AspNetCompiler.VirtualPath = "/localhost_54932"
		Release.AspNetCompiler.PhysicalPath = "AngularJSCodeSchool\"
		Release.AspNetCompiler.TargetPath = "PrecompiledWeb\localhost_54932\"
		Release.AspNetCompiler.Updateable = "true"
		Release.AspNetCompiler.ForceOverwrite = "true"
		Release.AspNetCompiler.FixedNames = "false"
		Release.AspNetCompiler.Debug = "False"
		VWDPort = "54932"
		SlnRelativePath = "AngularJSCodeSchool\"
		DefaultWebSiteLanguage = "Visual C#"
	EndProjectSection
EndProject
Project("{E24C65DC-7377-472B-9ABA-BC803B73C61A}") = "NA.ParkingAdvice.MVP3.Front", "NA.ParkingAdvice.MVP3.Front\", "{77D1F1A9-730C-4577-B9EA-2E680C63C35C}"
	ProjectSection(WebsiteProperties) = preProject
		TargetFrameworkMoniker = ".NETFramework,Version%3Dv4.5.2"
		Debug.AspNetCompiler.VirtualPath = "/localhost_58796"
		Debug.AspNetCompiler.PhysicalPath = "NA.ParkingAdvice.MVP3.Front\"
		Debug.AspNetCompiler.TargetPath = "PrecompiledWeb\localhost_58796\"
		Debug.AspNetCompiler.Updateable = "true"
		Debug.AspNetCompiler.ForceOverwrite = "true"
		Debug.AspNetCompiler.FixedNames = "false"
		Debug.AspNetCompiler.Debug = "True"
		Release.AspNetCompiler.VirtualPath = "/localhost_58796"
		Release.AspNetCompiler.PhysicalPath = "NA.ParkingAdvice.MVP3.Front\"
		Release.AspNetCompiler.TargetPath = "PrecompiledWeb\localhost_58796\"
		Release.AspNetCompiler.Updateable = "true"
		Release.AspNetCompiler.ForceOverwrite = "true"
		Release.AspNetCompiler.FixedNames = "false"
		Release.AspNetCompiler.Debug = "False"
		VWDPort = "58796"
		SlnRelativePath = "NA.ParkingAdvice.MVP3.Front\"
		DefaultWebSiteLanguage = "Visual C#"
	EndProjectSection
EndProject
Global
	GlobalSection(SolutionConfigurationPlatforms) = preSolution
		Debug|Any CPU = Debug|Any CPU
		Release|Any CPU = Release|Any CPU
	EndGlobalSection
	GlobalSection(ProjectConfigurationPlatforms) = postSolution
		{D39FC19D-B1C7-4804-894F-82226F6FA950}.Debug|Any CPU.ActiveCfg = Debug|Any CPU
		{D39FC19D-B1C7-4804-894F-82226F6FA950}.Debug|Any CPU.Build.0 = Debug|Any CPU
		{D39FC19D-B1C7-4804-894F-82226F6FA950}.Release|Any CPU.ActiveCfg = Release|Any CPU
		{D39FC19D-B1C7-4804-894F-82226F6FA950}.Release|Any CPU.Build.0 = Release|Any CPU
		{235071C6-AE47-4592-87CB-06DB2B3FE30C}.Debug|Any CPU.ActiveCfg = Debug|Any CPU
		{235071C6-AE47-4592-87CB-06DB2B3FE30C}.Debug|Any CPU.Build.0 = Debug|Any CPU
		{235071C6-AE47-4592-87CB-06DB2B3FE30C}.Release|Any CPU.ActiveCfg = Debug|Any CPU
		{235071C6-AE47-4592-87CB-06DB2B3FE30C}.Release|Any CPU.Build.0 = Debug|Any CPU
		{ABD2367B-5F7A-4A6F-B741-89FE30C25DF6}.Debug|Any CPU.ActiveCfg = Debug|Any CPU
		{ABD2367B-5F7A-4A6F-B741-89FE30C25DF6}.Debug|Any CPU.Build.0 = Debug|Any CPU
		{ABD2367B-5F7A-4A6F-B741-89FE30C25DF6}.Release|Any CPU.ActiveCfg = Debug|Any CPU
		{ABD2367B-5F7A-4A6F-B741-89FE30C25DF6}.Release|Any CPU.Build.0 = Debug|Any CPU
		{96FA88A1-697B-4AF9-BD45-22A31DFF73D2}.Debug|Any CPU.ActiveCfg = Debug|Any CPU
		{96FA88A1-697B-4AF9-BD45-22A31DFF73D2}.Debug|Any CPU.Build.0 = Debug|Any CPU
		{96FA88A1-697B-4AF9-BD45-22A31DFF73D2}.Release|Any CPU.ActiveCfg = Debug|Any CPU
		{96FA88A1-697B-4AF9-BD45-22A31DFF73D2}.Release|Any CPU.Build.0 = Debug|Any CPU
		{77D1F1A9-730C-4577-B9EA-2E680C63C35C}.Debug|Any CPU.ActiveCfg = Debug|Any CPU
		{77D1F1A9-730C-4577-B9EA-2E680C63C35C}.Debug|Any CPU.Build.0 = Debug|Any CPU
		{77D1F1A9-730C-4577-B9EA-2E680C63C35C}.Release|Any CPU.ActiveCfg = Debug|Any CPU
		{77D1F1A9-730C-4577-B9EA-2E680C63C35C}.Release|Any CPU.Build.0 = Debug|Any CPU
	EndGlobalSection
	GlobalSection(SolutionProperties) = preSolution
		HideSolutionNode = FALSE
	EndGlobalSection
EndGlobal
